
Microsoft Visual Studio Solution File, Format Version 11.00
# Visual Studio 2010
Project("{FAE04EC0-301F-11D3-BF4B-00C04F79EFBC}") = "Assembly-CSharp", "Assembly-CSharp.csproj", "{E9245C0F-C3C3-E1C1-E520-1EF5751E8E38}"
EndProject
Global
	GlobalSection(SolutionConfigurationPlatforms) = preSolution
		Debug|Any CPU = Debug|Any CPU
		Release|Any CPU = Release|Any CPU
	EndGlobalSection
	GlobalSection(ProjectConfigurationPlatforms) = postSolution
		{E9245C0F-C3C3-E1C1-E520-1EF5751E8E38}.Debug|Any CPU.ActiveCfg = Debug|Any CPU
		{E9245C0F-C3C3-E1C1-E520-1EF5751E8E38}.Debug|Any CPU.Build.0 = Debug|Any CPU
		{E9245C0F-C3C3-E1C1-E520-1EF5751E8E38}.Release|Any CPU.ActiveCfg = Release|Any CPU
		{E9245C0F-C3C3-E1C1-E520-1EF5751E8E38}.Release|Any CPU.Build.0 = Release|Any CPU
	EndGlobalSection
	GlobalSection(SolutionProperties) = preSolution
		HideSolutionNode = FALSE
	EndGlobalSection
EndGlobal
